
Microsoft Visual Studio Solution File, Format Version 12.00
# Visual Studio Version 16
VisualStudioVersion = 16.0.30804.86
MinimumVisualStudioVersion = 10.0.40219.1
Project("{FAE04EC0-301F-11D3-BF4B-00C04F79EFBC}") = "VeritabaniProje", "VeritabaniProje\VeritabaniProje.csproj", "{760F936C-163A-4DC2-932A-C4FC741DF73A}"
EndProject
Global
	GlobalSection(SolutionConfigurationPlatforms) = preSolution
		Debug|Any CPU = Debug|Any CPU
		Release|Any CPU = Release|Any CPU
	EndGlobalSection
	GlobalSection(ProjectConfigurationPlatforms) = postSolution
		{760F936C-163A-4DC2-932A-C4FC741DF73A}.Debug|Any CPU.ActiveCfg = Debug|Any CPU
		{760F936C-163A-4DC2-932A-C4FC741DF73A}.Debug|Any CPU.Build.0 = Debug|Any CPU
		{760F936C-163A-4DC2-932A-C4FC741DF73A}.Release|Any CPU.ActiveCfg = Release|Any CPU
		{760F936C-163A-4DC2-932A-C4FC741DF73A}.Release|Any CPU.Build.0 = Release|Any CPU
	EndGlobalSection
	GlobalSection(SolutionProperties) = preSolution
		HideSolutionNode = FALSE
	EndGlobalSection
	GlobalSection(ExtensibilityGlobals) = postSolution
		SolutionGuid = {02A23233-50D5-473A-AFA6-6025401126EF}
	EndGlobalSection
EndGlobal
